// !$*UTF8*$!
{
	archiveVersion = 1;
	classes = {
	};
	objectVersion = 51;
	objects = {

/* Begin PBXBuildFile section */
		1E1DC13F26CDB35600AB6050 /* FetchCoinGeckoAssetIDSession.swift in Sources */ = {isa = PBXBuildFile; fileRef = 1E1DC13E26CDB35600AB6050 /* FetchCoinGeckoAssetIDSession.swift */; };
		1E1DC14226CDB43700AB6050 /* FetchCoinGeckoCoinIdDelegate.swift in Sources */ = {isa = PBXBuildFile; fileRef = 1E1DC14126CDB43700AB6050 /* FetchCoinGeckoCoinIdDelegate.swift */; };
		1E1DC14526CDB56800AB6050 /* FetchCoinGeckoDailyAssetChangeSession.swift in Sources */ = {isa = PBXBuildFile; fileRef = 1E1DC14426CDB56800AB6050 /* FetchCoinGeckoDailyAssetChangeSession.swift */; };
		1E1ED60F26C98472005306BF /* EthereumAddress.swift in Sources */ = {isa = PBXBuildFile; fileRef = 1E1ED60E26C98472005306BF /* EthereumAddress.swift */; };
		1E1ED61726C98917005306BF /* HomeController + UICollectionView.swift in Sources */ = {isa = PBXBuildFile; fileRef = 1E1ED61626C98917005306BF /* HomeController + UICollectionView.swift */; };
		1E1ED61B26C98991005306BF /* EthereumTokenCell.swift in Sources */ = {isa = PBXBuildFile; fileRef = 1E1ED61A26C98991005306BF /* EthereumTokenCell.swift */; };
		1E2BF06E26C98E52003E5376 /* EthereumAddressHeader.swift in Sources */ = {isa = PBXBuildFile; fileRef = 1E2BF06D26C98E52003E5376 /* EthereumAddressHeader.swift */; };
		1E2BF07226C9D0B3003E5376 /* FetchCoinLogoDelegate.swift in Sources */ = {isa = PBXBuildFile; fileRef = 1E2BF07126C9D0B3003E5376 /* FetchCoinLogoDelegate.swift */; };
		1E4F82A926D0508C00B62ED4 /* UIButton.swift in Sources */ = {isa = PBXBuildFile; fileRef = 1E4F82A826D0508C00B62ED4 /* UIButton.swift */; };
		1E55917C26C86D2A00175B60 /* FetchCoinLogoSession.swift in Sources */ = {isa = PBXBuildFile; fileRef = 1E55917B26C86D2A00175B60 /* FetchCoinLogoSession.swift */; };
		1E55917F26C870B000175B60 /* EthereumAddressDelegate.swift in Sources */ = {isa = PBXBuildFile; fileRef = 1E55917E26C870B000175B60 /* EthereumAddressDelegate.swift */; };
		1E57833B26C81FB900B0B80C /* AddressQRCodeScanDelegate.swift in Sources */ = {isa = PBXBuildFile; fileRef = 1E57833A26C81FB900B0B80C /* AddressQRCodeScanDelegate.swift */; };
		1E57834026C822D000B0B80C /* SearchForAddressSession.swift in Sources */ = {isa = PBXBuildFile; fileRef = 1E57833F26C822D000B0B80C /* SearchForAddressSession.swift */; };
		1E57834426C8250700B0B80C /* UIActivityIndicatorView.swift in Sources */ = {isa = PBXBuildFile; fileRef = 1E57834326C8250700B0B80C /* UIActivityIndicatorView.swift */; };
		1E57834826C83B2C00B0B80C /* EthereumToken.swift in Sources */ = {isa = PBXBuildFile; fileRef = 1E57834726C83B2C00B0B80C /* EthereumToken.swift */; };
		1E6B4E8B26C5D7420077F66D /* AddressSearchTextField.swift in Sources */ = {isa = PBXBuildFile; fileRef = 1E6B4E8A26C5D7420077F66D /* AddressSearchTextField.swift */; };
		1E6B4E8E26C5D8070077F66D /* UIStackView.swift in Sources */ = {isa = PBXBuildFile; fileRef = 1E6B4E8D26C5D8070077F66D /* UIStackView.swift */; };
		1E6B4E9126C5D88B0077F66D /* UIView.swift in Sources */ = {isa = PBXBuildFile; fileRef = 1E6B4E9026C5D88B0077F66D /* UIView.swift */; };
		1E6B4E9626C5DC700077F66D /* Helpers.swift in Sources */ = {isa = PBXBuildFile; fileRef = 1E6B4E9526C5DC700077F66D /* Helpers.swift */; };
		1E738BBA26C5B94F00C1667E /* AppDelegate.swift in Sources */ = {isa = PBXBuildFile; fileRef = 1E738BB926C5B94F00C1667E /* AppDelegate.swift */; };
		1E738BBC26C5B94F00C1667E /* SceneDelegate.swift in Sources */ = {isa = PBXBuildFile; fileRef = 1E738BBB26C5B94F00C1667E /* SceneDelegate.swift */; };
		1E738BBE26C5B94F00C1667E /* HomeController.swift in Sources */ = {isa = PBXBuildFile; fileRef = 1E738BBD26C5B94F00C1667E /* HomeController.swift */; };
		1E738BC326C5B94F00C1667E /* Assets.xcassets in Resources */ = {isa = PBXBuildFile; fileRef = 1E738BC226C5B94F00C1667E /* Assets.xcassets */; };
		1E738BC626C5B94F00C1667E /* LaunchScreen.storyboard in Resources */ = {isa = PBXBuildFile; fileRef = 1E738BC426C5B94F00C1667E /* LaunchScreen.storyboard */; };
		1E74F6FD26CB5D3C00D3518E /* EthereumTokenInformationController.swift in Sources */ = {isa = PBXBuildFile; fileRef = 1E74F6FC26CB5D3C00D3518E /* EthereumTokenInformationController.swift */; };
		1E7897AF26C7425F0028248F /* ScanAddressQRCodeController.swift in Sources */ = {isa = PBXBuildFile; fileRef = 1E7897AE26C7425F0028248F /* ScanAddressQRCodeController.swift */; };
		1E7897B226C7455C0028248F /* UIViewController.swift in Sources */ = {isa = PBXBuildFile; fileRef = 1E7897B126C7455C0028248F /* UIViewController.swift */; };
		1EA82AEE26C5BA340057E0C9 /* UIColor.swift in Sources */ = {isa = PBXBuildFile; fileRef = 1EA82AED26C5BA340057E0C9 /* UIColor.swift */; };
		1EB6D85826DD94690098C2D5 /* Model.xcdatamodeld in Sources */ = {isa = PBXBuildFile; fileRef = 1EB6D85626DD94690098C2D5 /* Model.xcdatamodeld */; };
		1EB6D85B26DD94750098C2D5 /* CoreDataManager.swift in Sources */ = {isa = PBXBuildFile; fileRef = 1EB6D85A26DD94750098C2D5 /* CoreDataManager.swift */; };
		1EF49EEE26CDBAD900AC41C6 /* FetchCoinGeckoMarketDataDelegate.swift in Sources */ = {isa = PBXBuildFile; fileRef = 1EF49EED26CDBAD900AC41C6 /* FetchCoinGeckoMarketDataDelegate.swift */; };
		1EF49EF126CDC0D300AC41C6 /* FetchCoinGeckoChartDataSession.swift in Sources */ = {isa = PBXBuildFile; fileRef = 1EF49EF026CDC0D300AC41C6 /* FetchCoinGeckoChartDataSession.swift */; };
		1EF49EF526CDC64C00AC41C6 /* ChartPoint.swift in Sources */ = {isa = PBXBuildFile; fileRef = 1EF49EF426CDC64C00AC41C6 /* ChartPoint.swift */; };
		E7E8263D5DC5327C7E701559 /* Pods_Ethereum_Wallet_Balance.framework in Frameworks */ = {isa = PBXBuildFile; fileRef = C669B6513C29F458670D54E2 /* Pods_Ethereum_Wallet_Balance.framework */; };
/* End PBXBuildFile section */

/* Begin PBXFileReference section */
		1E1DC13E26CDB35600AB6050 /* FetchCoinGeckoAssetIDSession.swift */ = {isa = PBXFileReference; lastKnownFileType = sourcecode.swift; path = FetchCoinGeckoAssetIDSession.swift; sourceTree = "<group>"; };
		1E1DC14126CDB43700AB6050 /* FetchCoinGeckoCoinIdDelegate.swift */ = {isa = PBXFileReference; lastKnownFileType = sourcecode.swift; path = FetchCoinGeckoCoinIdDelegate.swift; sourceTree = "<group>"; };
		1E1DC14426CDB56800AB6050 /* FetchCoinGeckoDailyAssetChangeSession.swift */ = {isa = PBXFileReference; lastKnownFileType = sourcecode.swift; path = FetchCoinGeckoDailyAssetChangeSession.swift; sourceTree = "<group>"; };
		1E1ED60E26C98472005306BF /* EthereumAddress.swift */ = {isa = PBXFileReference; lastKnownFileType = sourcecode.swift; path = EthereumAddress.swift; sourceTree = "<group>"; };
		1E1ED61626C98917005306BF /* HomeController + UICollectionView.swift */ = {isa = PBXFileReference; lastKnownFileType = sourcecode.swift; path = "HomeController + UICollectionView.swift"; sourceTree = "<group>"; };
		1E1ED61A26C98991005306BF /* EthereumTokenCell.swift */ = {isa = PBXFileReference; lastKnownFileType = sourcecode.swift; path = EthereumTokenCell.swift; sourceTree = "<group>"; };
		1E2BF06D26C98E52003E5376 /* EthereumAddressHeader.swift */ = {isa = PBXFileReference; lastKnownFileType = sourcecode.swift; path = EthereumAddressHeader.swift; sourceTree = "<group>"; };
		1E2BF07126C9D0B3003E5376 /* FetchCoinLogoDelegate.swift */ = {isa = PBXFileReference; lastKnownFileType = sourcecode.swift; path = FetchCoinLogoDelegate.swift; sourceTree = "<group>"; };
		1E4F82A826D0508C00B62ED4 /* UIButton.swift */ = {isa = PBXFileReference; lastKnownFileType = sourcecode.swift; path = UIButton.swift; sourceTree = "<group>"; };
		1E55917B26C86D2A00175B60 /* FetchCoinLogoSession.swift */ = {isa = PBXFileReference; lastKnownFileType = sourcecode.swift; path = FetchCoinLogoSession.swift; sourceTree = "<group>"; };
		1E55917E26C870B000175B60 /* EthereumAddressDelegate.swift */ = {isa = PBXFileReference; lastKnownFileType = sourcecode.swift; path = EthereumAddressDelegate.swift; sourceTree = "<group>"; };
		1E57833A26C81FB900B0B80C /* AddressQRCodeScanDelegate.swift */ = {isa = PBXFileReference; lastKnownFileType = sourcecode.swift; path = AddressQRCodeScanDelegate.swift; sourceTree = "<group>"; };
		1E57833F26C822D000B0B80C /* SearchForAddressSession.swift */ = {isa = PBXFileReference; lastKnownFileType = sourcecode.swift; path = SearchForAddressSession.swift; sourceTree = "<group>"; };
		1E57834326C8250700B0B80C /* UIActivityIndicatorView.swift */ = {isa = PBXFileReference; lastKnownFileType = sourcecode.swift; path = UIActivityIndicatorView.swift; sourceTree = "<group>"; };
		1E57834726C83B2C00B0B80C /* EthereumToken.swift */ = {isa = PBXFileReference; lastKnownFileType = sourcecode.swift; path = EthereumToken.swift; sourceTree = "<group>"; };
		1E6B4E8A26C5D7420077F66D /* AddressSearchTextField.swift */ = {isa = PBXFileReference; lastKnownFileType = sourcecode.swift; path = AddressSearchTextField.swift; sourceTree = "<group>"; };
		1E6B4E8D26C5D8070077F66D /* UIStackView.swift */ = {isa = PBXFileReference; lastKnownFileType = sourcecode.swift; path = UIStackView.swift; sourceTree = "<group>"; };
		1E6B4E9026C5D88B0077F66D /* UIView.swift */ = {isa = PBXFileReference; lastKnownFileType = sourcecode.swift; path = UIView.swift; sourceTree = "<group>"; };
		1E6B4E9526C5DC700077F66D /* Helpers.swift */ = {isa = PBXFileReference; lastKnownFileType = sourcecode.swift; path = Helpers.swift; sourceTree = "<group>"; };
		1E738BB626C5B94F00C1667E /* Ethereum Wallet Balance.app */ = {isa = PBXFileReference; explicitFileType = wrapper.application; includeInIndex = 0; path = "Ethereum Wallet Balance.app"; sourceTree = BUILT_PRODUCTS_DIR; };
		1E738BB926C5B94F00C1667E /* AppDelegate.swift */ = {isa = PBXFileReference; lastKnownFileType = sourcecode.swift; path = AppDelegate.swift; sourceTree = "<group>"; };
		1E738BBB26C5B94F00C1667E /* SceneDelegate.swift */ = {isa = PBXFileReference; lastKnownFileType = sourcecode.swift; path = SceneDelegate.swift; sourceTree = "<group>"; };
		1E738BBD26C5B94F00C1667E /* HomeController.swift */ = {isa = PBXFileReference; lastKnownFileType = sourcecode.swift; path = HomeController.swift; sourceTree = "<group>"; };
		1E738BC226C5B94F00C1667E /* Assets.xcassets */ = {isa = PBXFileReference; lastKnownFileType = folder.assetcatalog; path = Assets.xcassets; sourceTree = "<group>"; };
		1E738BC526C5B94F00C1667E /* Base */ = {isa = PBXFileReference; lastKnownFileType = file.storyboard; name = Base; path = Base.lproj/LaunchScreen.storyboard; sourceTree = "<group>"; };
		1E738BC726C5B94F00C1667E /* Info.plist */ = {isa = PBXFileReference; lastKnownFileType = text.plist.xml; path = Info.plist; sourceTree = "<group>"; };
		1E74F6FC26CB5D3C00D3518E /* EthereumTokenInformationController.swift */ = {isa = PBXFileReference; lastKnownFileType = sourcecode.swift; path = EthereumTokenInformationController.swift; sourceTree = "<group>"; };
		1E7897AE26C7425F0028248F /* ScanAddressQRCodeController.swift */ = {isa = PBXFileReference; lastKnownFileType = sourcecode.swift; path = ScanAddressQRCodeController.swift; sourceTree = "<group>"; };
		1E7897B126C7455C0028248F /* UIViewController.swift */ = {isa = PBXFileReference; lastKnownFileType = sourcecode.swift; path = UIViewController.swift; sourceTree = "<group>"; };
		1EA82AED26C5BA340057E0C9 /* UIColor.swift */ = {isa = PBXFileReference; lastKnownFileType = sourcecode.swift; path = UIColor.swift; sourceTree = "<group>"; };
		1EB6D85726DD94690098C2D5 /* Model.xcdatamodel */ = {isa = PBXFileReference; lastKnownFileType = wrapper.xcdatamodel; path = Model.xcdatamodel; sourceTree = "<group>"; };
		1EB6D85A26DD94750098C2D5 /* CoreDataManager.swift */ = {isa = PBXFileReference; lastKnownFileType = sourcecode.swift; path = CoreDataManager.swift; sourceTree = "<group>"; };
		1EF49EED26CDBAD900AC41C6 /* FetchCoinGeckoMarketDataDelegate.swift */ = {isa = PBXFileReference; lastKnownFileType = sourcecode.swift; path = FetchCoinGeckoMarketDataDelegate.swift; sourceTree = "<group>"; };
		1EF49EF026CDC0D300AC41C6 /* FetchCoinGeckoChartDataSession.swift */ = {isa = PBXFileReference; lastKnownFileType = sourcecode.swift; path = FetchCoinGeckoChartDataSession.swift; sourceTree = "<group>"; };
		1EF49EF426CDC64C00AC41C6 /* ChartPoint.swift */ = {isa = PBXFileReference; lastKnownFileType = sourcecode.swift; path = ChartPoint.swift; sourceTree = "<group>"; };
		C038D8AB7DA2DBC1DE7E18FF /* Pods-Ethereum Wallet Balance.debug.xcconfig */ = {isa = PBXFileReference; includeInIndex = 1; lastKnownFileType = text.xcconfig; name = "Pods-Ethereum Wallet Balance.debug.xcconfig"; path = "Target Support Files/Pods-Ethereum Wallet Balance/Pods-Ethereum Wallet Balance.debug.xcconfig"; sourceTree = "<group>"; };
		C669B6513C29F458670D54E2 /* Pods_Ethereum_Wallet_Balance.framework */ = {isa = PBXFileReference; explicitFileType = wrapper.framework; includeInIndex = 0; path = Pods_Ethereum_Wallet_Balance.framework; sourceTree = BUILT_PRODUCTS_DIR; };
		CD1DBD68F59430625E98C70D /* Pods-Ethereum Wallet Balance.release.xcconfig */ = {isa = PBXFileReference; includeInIndex = 1; lastKnownFileType = text.xcconfig; name = "Pods-Ethereum Wallet Balance.release.xcconfig"; path = "Target Support Files/Pods-Ethereum Wallet Balance/Pods-Ethereum Wallet Balance.release.xcconfig"; sourceTree = "<group>"; };
/* End PBXFileReference section */

/* Begin PBXFrameworksBuildPhase section */
		1E738BB326C5B94F00C1667E /* Frameworks */ = {
			isa = PBXFrameworksBuildPhase;
			buildActionMask = 2147483647;
			files = (
				E7E8263D5DC5327C7E701559 /* Pods_Ethereum_Wallet_Balance.framework in Frameworks */,
			);
			runOnlyForDeploymentPostprocessing = 0;
		};
/* End PBXFrameworksBuildPhase section */

/* Begin PBXGroup section */
		1E1ED61426C988EE005306BF /* HomeController */ = {
			isa = PBXGroup;
			children = (
				1E738BBD26C5B94F00C1667E /* HomeController.swift */,
				1E1ED61626C98917005306BF /* HomeController + UICollectionView.swift */,
				1E2BF06D26C98E52003E5376 /* EthereumAddressHeader.swift */,
				1E1ED61A26C98991005306BF /* EthereumTokenCell.swift */,
			);
			path = HomeController;
			sourceTree = "<group>";
		};
		1E57833926C81F9E00B0B80C /* Protocols */ = {
			isa = PBXGroup;
			children = (
				1E57833A26C81FB900B0B80C /* AddressQRCodeScanDelegate.swift */,
				1E55917E26C870B000175B60 /* EthereumAddressDelegate.swift */,
				1E2BF07126C9D0B3003E5376 /* FetchCoinLogoDelegate.swift */,
				1E1DC14126CDB43700AB6050 /* FetchCoinGeckoCoinIdDelegate.swift */,
				1EF49EED26CDBAD900AC41C6 /* FetchCoinGeckoMarketDataDelegate.swift */,
			);
			path = Protocols;
			sourceTree = "<group>";
		};
		1E57833E26C822B600B0B80C /* Networking */ = {
			isa = PBXGroup;
			children = (
				1E57833F26C822D000B0B80C /* SearchForAddressSession.swift */,
				1E55917B26C86D2A00175B60 /* FetchCoinLogoSession.swift */,
				1E1DC13E26CDB35600AB6050 /* FetchCoinGeckoAssetIDSession.swift */,
				1E1DC14426CDB56800AB6050 /* FetchCoinGeckoDailyAssetChangeSession.swift */,
				1EF49EF026CDC0D300AC41C6 /* FetchCoinGeckoChartDataSession.swift */,
			);
			path = Networking;
			sourceTree = "<group>";
		};
		1E57834B26C83B3000B0B80C /* Models */ = {
			isa = PBXGroup;
			children = (
				1E1ED60E26C98472005306BF /* EthereumAddress.swift */,
				1E57834726C83B2C00B0B80C /* EthereumToken.swift */,
				1EF49EF426CDC64C00AC41C6 /* ChartPoint.swift */,
			);
			path = Models;
			sourceTree = "<group>";
		};
		1E6B4E8926C5D7350077F66D /* Views */ = {
			isa = PBXGroup;
			children = (
				1E6B4E8A26C5D7420077F66D /* AddressSearchTextField.swift */,
			);
			path = Views;
			sourceTree = "<group>";
		};
		1E6B4E9426C5DC560077F66D /* Tools */ = {
			isa = PBXGroup;
			children = (
				1E6B4E9526C5DC700077F66D /* Helpers.swift */,
			);
			path = Tools;
			sourceTree = "<group>";
		};
		1E738BAD26C5B94F00C1667E = {
			isa = PBXGroup;
			children = (
				1E738BB826C5B94F00C1667E /* Ethereum Wallet Balance */,
				1E738BB726C5B94F00C1667E /* Products */,
				F7F38AFBC3520B889CE5C038 /* Pods */,
				518672C1DA6B467BC4F0D5A8 /* Frameworks */,
			);
			sourceTree = "<group>";
		};
		1E738BB726C5B94F00C1667E /* Products */ = {
			isa = PBXGroup;
			children = (
				1E738BB626C5B94F00C1667E /* Ethereum Wallet Balance.app */,
			);
			name = Products;
			sourceTree = "<group>";
		};
		1E738BB826C5B94F00C1667E /* Ethereum Wallet Balance */ = {
			isa = PBXGroup;
			children = (
				1E738BB926C5B94F00C1667E /* AppDelegate.swift */,
				1E738BBB26C5B94F00C1667E /* SceneDelegate.swift */,
				1EB6D85526DD94560098C2D5 /* Core Data */,
				1E6B4E9426C5DC560077F66D /* Tools */,
				1E57834B26C83B3000B0B80C /* Models */,
				1E57833926C81F9E00B0B80C /* Protocols */,
				1EA82AEC26C5BA260057E0C9 /* Extensions */,
				1E57833E26C822B600B0B80C /* Networking */,
				1E6B4E8926C5D7350077F66D /* Views */,
				1EA82AEB26C5BA1B0057E0C9 /* View Controllers */,
				1E738BC226C5B94F00C1667E /* Assets.xcassets */,
				1E738BC426C5B94F00C1667E /* LaunchScreen.storyboard */,
				1E738BC726C5B94F00C1667E /* Info.plist */,
			);
			path = "Ethereum Wallet Balance";
			sourceTree = "<group>";
		};
		1EA82AEB26C5BA1B0057E0C9 /* View Controllers */ = {
			isa = PBXGroup;
			children = (
				1E1ED61426C988EE005306BF /* HomeController */,
				1E7897AE26C7425F0028248F /* ScanAddressQRCodeController.swift */,
				1E74F6FC26CB5D3C00D3518E /* EthereumTokenInformationController.swift */,
			);
			path = "View Controllers";
			sourceTree = "<group>";
		};
		1EA82AEC26C5BA260057E0C9 /* Extensions */ = {
			isa = PBXGroup;
			children = (
				1E57834326C8250700B0B80C /* UIActivityIndicatorView.swift */,
				1E4F82A826D0508C00B62ED4 /* UIButton.swift */,
				1EA82AED26C5BA340057E0C9 /* UIColor.swift */,
				1E6B4E8D26C5D8070077F66D /* UIStackView.swift */,
				1E6B4E9026C5D88B0077F66D /* UIView.swift */,
				1E7897B126C7455C0028248F /* UIViewController.swift */,
			);
			path = Extensions;
			sourceTree = "<group>";
		};
		1EB6D85526DD94560098C2D5 /* Core Data */ = {
			isa = PBXGroup;
			children = (
				1EB6D85A26DD94750098C2D5 /* CoreDataManager.swift */,
				1EB6D85626DD94690098C2D5 /* Model.xcdatamodeld */,
			);
			path = "Core Data";
			sourceTree = "<group>";
		};
		518672C1DA6B467BC4F0D5A8 /* Frameworks */ = {
			isa = PBXGroup;
			children = (
				C669B6513C29F458670D54E2 /* Pods_Ethereum_Wallet_Balance.framework */,
			);
			name = Frameworks;
			sourceTree = "<group>";
		};
		F7F38AFBC3520B889CE5C038 /* Pods */ = {
			isa = PBXGroup;
			children = (
				C038D8AB7DA2DBC1DE7E18FF /* Pods-Ethereum Wallet Balance.debug.xcconfig */,
				CD1DBD68F59430625E98C70D /* Pods-Ethereum Wallet Balance.release.xcconfig */,
			);
			path = Pods;
			sourceTree = "<group>";
		};
/* End PBXGroup section */

/* Begin PBXNativeTarget section */
		1E738BB526C5B94F00C1667E /* Ethereum Wallet Balance */ = {
			isa = PBXNativeTarget;
			buildConfigurationList = 1E738BCA26C5B94F00C1667E /* Build configuration list for PBXNativeTarget "Ethereum Wallet Balance" */;
			buildPhases = (
				7C72576C3DCE21220EA18EC3 /* [CP] Check Pods Manifest.lock */,
				1EE8CC9226C5BB6500A436EA /* Run SwiftLint */,
				1E738BB226C5B94F00C1667E /* Sources */,
				1E738BB326C5B94F00C1667E /* Frameworks */,
				1E738BB426C5B94F00C1667E /* Resources */,
				F48385287DA0A9D1A9400BFE /* [CP] Embed Pods Frameworks */,
			);
			buildRules = (
			);
			dependencies = (
			);
			name = "Ethereum Wallet Balance";
			productName = "Ethereum Wallet Balance";
			productReference = 1E738BB626C5B94F00C1667E /* Ethereum Wallet Balance.app */;
			productType = "com.apple.product-type.application";
		};
/* End PBXNativeTarget section */

/* Begin PBXProject section */
		1E738BAE26C5B94F00C1667E /* Project object */ = {
			isa = PBXProject;
			attributes = {
				LastSwiftUpdateCheck = 1240;
				LastUpgradeCheck = 1240;
				TargetAttributes = {
					1E738BB526C5B94F00C1667E = {
						CreatedOnToolsVersion = 12.4;
					};
				};
			};
			buildConfigurationList = 1E738BB126C5B94F00C1667E /* Build configuration list for PBXProject "Ethereum Wallet Balance" */;
			compatibilityVersion = "Xcode 9.3";
			developmentRegion = en;
			hasScannedForEncodings = 0;
			knownRegions = (
				en,
				Base,
			);
			mainGroup = 1E738BAD26C5B94F00C1667E;
			productRefGroup = 1E738BB726C5B94F00C1667E /* Products */;
			projectDirPath = "";
			projectRoot = "";
			targets = (
				1E738BB526C5B94F00C1667E /* Ethereum Wallet Balance */,
			);
		};
/* End PBXProject section */

/* Begin PBXResourcesBuildPhase section */
		1E738BB426C5B94F00C1667E /* Resources */ = {
			isa = PBXResourcesBuildPhase;
			buildActionMask = 2147483647;
			files = (
				1E738BC626C5B94F00C1667E /* LaunchScreen.storyboard in Resources */,
				1E738BC326C5B94F00C1667E /* Assets.xcassets in Resources */,
			);
			runOnlyForDeploymentPostprocessing = 0;
		};
/* End PBXResourcesBuildPhase section */

/* Begin PBXShellScriptBuildPhase section */
		1EE8CC9226C5BB6500A436EA /* Run SwiftLint */ = {
			isa = PBXShellScriptBuildPhase;
			buildActionMask = 2147483647;
			files = (
			);
			inputFileListPaths = (
			);
			inputPaths = (
			);
			name = "Run SwiftLint";
			outputFileListPaths = (
			);
			outputPaths = (
			);
			runOnlyForDeploymentPostprocessing = 0;
			shellPath = /bin/sh;
			shellScript = "if which swiftlint >/dev/null; then\n  swiftlint\nelse\n  echo \"warning: SwiftLint not installed, download from https://github.com/realm/SwiftLint\"\nfi\n";
		};
		7C72576C3DCE21220EA18EC3 /* [CP] Check Pods Manifest.lock */ = {
			isa = PBXShellScriptBuildPhase;
			buildActionMask = 2147483647;
			files = (
			);
			inputFileListPaths = (
			);
			inputPaths = (
				"${PODS_PODFILE_DIR_PATH}/Podfile.lock",
				"${PODS_ROOT}/Manifest.lock",
			);
			name = "[CP] Check Pods Manifest.lock";
			outputFileListPaths = (
			);
			outputPaths = (
				"$(DERIVED_FILE_DIR)/Pods-Ethereum Wallet Balance-checkManifestLockResult.txt",
			);
			runOnlyForDeploymentPostprocessing = 0;
			shellPath = /bin/sh;
			shellScript = "diff \"${PODS_PODFILE_DIR_PATH}/Podfile.lock\" \"${PODS_ROOT}/Manifest.lock\" > /dev/null\nif [ $? != 0 ] ; then\n    # print error to STDERR\n    echo \"error: The sandbox is not in sync with the Podfile.lock. Run 'pod install' or update your CocoaPods installation.\" >&2\n    exit 1\nfi\n# This output is used by Xcode 'outputs' to avoid re-running this script phase.\necho \"SUCCESS\" > \"${SCRIPT_OUTPUT_FILE_0}\"\n";
			showEnvVarsInLog = 0;
		};
		F48385287DA0A9D1A9400BFE /* [CP] Embed Pods Frameworks */ = {
			isa = PBXShellScriptBuildPhase;
			buildActionMask = 2147483647;
			files = (
			);
			inputFileListPaths = (
				"${PODS_ROOT}/Target Support Files/Pods-Ethereum Wallet Balance/Pods-Ethereum Wallet Balance-frameworks-${CONFIGURATION}-input-files.xcfilelist",
			);
			name = "[CP] Embed Pods Frameworks";
			outputFileListPaths = (
				"${PODS_ROOT}/Target Support Files/Pods-Ethereum Wallet Balance/Pods-Ethereum Wallet Balance-frameworks-${CONFIGURATION}-output-files.xcfilelist",
			);
			runOnlyForDeploymentPostprocessing = 0;
			shellPath = /bin/sh;
			shellScript = "\"${PODS_ROOT}/Target Support Files/Pods-Ethereum Wallet Balance/Pods-Ethereum Wallet Balance-frameworks.sh\"\n";
			showEnvVarsInLog = 0;
		};
/* End PBXShellScriptBuildPhase section */

/* Begin PBXSourcesBuildPhase section */
		1E738BB226C5B94F00C1667E /* Sources */ = {
			isa = PBXSourcesBuildPhase;
			buildActionMask = 2147483647;
			files = (
				1E1DC14526CDB56800AB6050 /* FetchCoinGeckoDailyAssetChangeSession.swift in Sources */,
				1E6B4E8B26C5D7420077F66D /* AddressSearchTextField.swift in Sources */,
				1E55917F26C870B000175B60 /* EthereumAddressDelegate.swift in Sources */,
				1E6B4E8E26C5D8070077F66D /* UIStackView.swift in Sources */,
				1E738BBE26C5B94F00C1667E /* HomeController.swift in Sources */,
				1E2BF07226C9D0B3003E5376 /* FetchCoinLogoDelegate.swift in Sources */,
				1E57834026C822D000B0B80C /* SearchForAddressSession.swift in Sources */,
				1E6B4E9626C5DC700077F66D /* Helpers.swift in Sources */,
				1E57834426C8250700B0B80C /* UIActivityIndicatorView.swift in Sources */,
				1E4F82A926D0508C00B62ED4 /* UIButton.swift in Sources */,
				1E1ED61726C98917005306BF /* HomeController + UICollectionView.swift in Sources */,
				1EB6D85B26DD94750098C2D5 /* CoreDataManager.swift in Sources */,
				1E1ED60F26C98472005306BF /* EthereumAddress.swift in Sources */,
				1E1DC14226CDB43700AB6050 /* FetchCoinGeckoCoinIdDelegate.swift in Sources */,
				1E7897B226C7455C0028248F /* UIViewController.swift in Sources */,
				1EF49EF126CDC0D300AC41C6 /* FetchCoinGeckoChartDataSession.swift in Sources */,
				1E6B4E9126C5D88B0077F66D /* UIView.swift in Sources */,
				1EA82AEE26C5BA340057E0C9 /* UIColor.swift in Sources */,
				1EB6D85826DD94690098C2D5 /* Model.xcdatamodeld in Sources */,
				1E74F6FD26CB5D3C00D3518E /* EthereumTokenInformationController.swift in Sources */,
				1E1DC13F26CDB35600AB6050 /* FetchCoinGeckoAssetIDSession.swift in Sources */,
				1E738BBA26C5B94F00C1667E /* AppDelegate.swift in Sources */,
				1E55917C26C86D2A00175B60 /* FetchCoinLogoSession.swift in Sources */,
				1EF49EEE26CDBAD900AC41C6 /* FetchCoinGeckoMarketDataDelegate.swift in Sources */,
				1E7897AF26C7425F0028248F /* ScanAddressQRCodeController.swift in Sources */,
				1E57833B26C81FB900B0B80C /* AddressQRCodeScanDelegate.swift in Sources */,
				1EF49EF526CDC64C00AC41C6 /* ChartPoint.swift in Sources */,
				1E2BF06E26C98E52003E5376 /* EthereumAddressHeader.swift in Sources */,
				1E738BBC26C5B94F00C1667E /* SceneDelegate.swift in Sources */,
				1E57834826C83B2C00B0B80C /* EthereumToken.swift in Sources */,
				1E1ED61B26C98991005306BF /* EthereumTokenCell.swift in Sources */,
			);
			runOnlyForDeploymentPostprocessing = 0;
		};
/* End PBXSourcesBuildPhase section */

/* Begin PBXVariantGroup section */
		1E738BC426C5B94F00C1667E /* LaunchScreen.storyboard */ = {
			isa = PBXVariantGroup;
			children = (
				1E738BC526C5B94F00C1667E /* Base */,
			);
			name = LaunchScreen.storyboard;
			sourceTree = "<group>";
		};
/* End PBXVariantGroup section */

/* Begin XCBuildConfiguration section */
		1E738BC826C5B94F00C1667E /* Debug */ = {
			isa = XCBuildConfiguration;
			buildSettings = {
				ALWAYS_SEARCH_USER_PATHS = NO;
				CLANG_ANALYZER_NONNULL = YES;
				CLANG_ANALYZER_NUMBER_OBJECT_CONVERSION = YES_AGGRESSIVE;
				CLANG_CXX_LANGUAGE_STANDARD = "gnu++14";
				CLANG_CXX_LIBRARY = "libc++";
				CLANG_ENABLE_MODULES = YES;
				CLANG_ENABLE_OBJC_ARC = YES;
				CLANG_ENABLE_OBJC_WEAK = YES;
				CLANG_WARN_BLOCK_CAPTURE_AUTORELEASING = YES;
				CLANG_WARN_BOOL_CONVERSION = YES;
				CLANG_WARN_COMMA = YES;
				CLANG_WARN_CONSTANT_CONVERSION = YES;
				CLANG_WARN_DEPRECATED_OBJC_IMPLEMENTATIONS = YES;
				CLANG_WARN_DIRECT_OBJC_ISA_USAGE = YES_ERROR;
				CLANG_WARN_DOCUMENTATION_COMMENTS = YES;
				CLANG_WARN_EMPTY_BODY = YES;
				CLANG_WARN_ENUM_CONVERSION = YES;
				CLANG_WARN_INFINITE_RECURSION = YES;
				CLANG_WARN_INT_CONVERSION = YES;
				CLANG_WARN_NON_LITERAL_NULL_CONVERSION = YES;
				CLANG_WARN_OBJC_IMPLICIT_RETAIN_SELF = YES;
				CLANG_WARN_OBJC_LITERAL_CONVERSION = YES;
				CLANG_WARN_OBJC_ROOT_CLASS = YES_ERROR;
				CLANG_WARN_QUOTED_INCLUDE_IN_FRAMEWORK_HEADER = YES;
				CLANG_WARN_RANGE_LOOP_ANALYSIS = YES;
				CLANG_WARN_STRICT_PROTOTYPES = YES;
				CLANG_WARN_SUSPICIOUS_MOVE = YES;
				CLANG_WARN_UNGUARDED_AVAILABILITY = YES_AGGRESSIVE;
				CLANG_WARN_UNREACHABLE_CODE = YES;
				CLANG_WARN__DUPLICATE_METHOD_MATCH = YES;
				COPY_PHASE_STRIP = NO;
				DEBUG_INFORMATION_FORMAT = dwarf;
				ENABLE_STRICT_OBJC_MSGSEND = YES;
				ENABLE_TESTABILITY = YES;
				GCC_C_LANGUAGE_STANDARD = gnu11;
				GCC_DYNAMIC_NO_PIC = NO;
				GCC_NO_COMMON_BLOCKS = YES;
				GCC_OPTIMIZATION_LEVEL = 0;
				GCC_PREPROCESSOR_DEFINITIONS = (
					"DEBUG=1",
					"$(inherited)",
				);
				GCC_WARN_64_TO_32_BIT_CONVERSION = YES;
				GCC_WARN_ABOUT_RETURN_TYPE = YES_ERROR;
				GCC_WARN_UNDECLARED_SELECTOR = YES;
				GCC_WARN_UNINITIALIZED_AUTOS = YES_AGGRESSIVE;
				GCC_WARN_UNUSED_FUNCTION = YES;
				GCC_WARN_UNUSED_VARIABLE = YES;
				IPHONEOS_DEPLOYMENT_TARGET = 14.4;
				MTL_ENABLE_DEBUG_INFO = INCLUDE_SOURCE;
				MTL_FAST_MATH = YES;
				ONLY_ACTIVE_ARCH = YES;
				SDKROOT = iphoneos;
				SWIFT_ACTIVE_COMPILATION_CONDITIONS = DEBUG;
				SWIFT_OPTIMIZATION_LEVEL = "-Onone";
			};
			name = Debug;
		};
		1E738BC926C5B94F00C1667E /* Release */ = {
			isa = XCBuildConfiguration;
			buildSettings = {
				ALWAYS_SEARCH_USER_PATHS = NO;
				CLANG_ANALYZER_NONNULL = YES;
				CLANG_ANALYZER_NUMBER_OBJECT_CONVERSION = YES_AGGRESSIVE;
				CLANG_CXX_LANGUAGE_STANDARD = "gnu++14";
				CLANG_CXX_LIBRARY = "libc++";
				CLANG_ENABLE_MODULES = YES;
				CLANG_ENABLE_OBJC_ARC = YES;
				CLANG_ENABLE_OBJC_WEAK = YES;
				CLANG_WARN_BLOCK_CAPTURE_AUTORELEASING = YES;
				CLANG_WARN_BOOL_CONVERSION = YES;
				CLANG_WARN_COMMA = YES;
				CLANG_WARN_CONSTANT_CONVERSION = YES;
				CLANG_WARN_DEPRECATED_OBJC_IMPLEMENTATIONS = YES;
				CLANG_WARN_DIRECT_OBJC_ISA_USAGE = YES_ERROR;
				CLANG_WARN_DOCUMENTATION_COMMENTS = YES;
				CLANG_WARN_EMPTY_BODY = YES;
				CLANG_WARN_ENUM_CONVERSION = YES;
				CLANG_WARN_INFINITE_RECURSION = YES;
				CLANG_WARN_INT_CONVERSION = YES;
				CLANG_WARN_NON_LITERAL_NULL_CONVERSION = YES;
				CLANG_WARN_OBJC_IMPLICIT_RETAIN_SELF = YES;
				CLANG_WARN_OBJC_LITERAL_CONVERSION = YES;
				CLANG_WARN_OBJC_ROOT_CLASS = YES_ERROR;
				CLANG_WARN_QUOTED_INCLUDE_IN_FRAMEWORK_HEADER = YES;
				CLANG_WARN_RANGE_LOOP_ANALYSIS = YES;
				CLANG_WARN_STRICT_PROTOTYPES = YES;
				CLANG_WARN_SUSPICIOUS_MOVE = YES;
				CLANG_WARN_UNGUARDED_AVAILABILITY = YES_AGGRESSIVE;
				CLANG_WARN_UNREACHABLE_CODE = YES;
				CLANG_WARN__DUPLICATE_METHOD_MATCH = YES;
				COPY_PHASE_STRIP = NO;
				DEBUG_INFORMATION_FORMAT = "dwarf-with-dsym";
				ENABLE_NS_ASSERTIONS = NO;
				ENABLE_STRICT_OBJC_MSGSEND = YES;
				GCC_C_LANGUAGE_STANDARD = gnu11;
				GCC_NO_COMMON_BLOCKS = YES;
				GCC_WARN_64_TO_32_BIT_CONVERSION = YES;
				GCC_WARN_ABOUT_RETURN_TYPE = YES_ERROR;
				GCC_WARN_UNDECLARED_SELECTOR = YES;
				GCC_WARN_UNINITIALIZED_AUTOS = YES_AGGRESSIVE;
				GCC_WARN_UNUSED_FUNCTION = YES;
				GCC_WARN_UNUSED_VARIABLE = YES;
				IPHONEOS_DEPLOYMENT_TARGET = 14.4;
				MTL_ENABLE_DEBUG_INFO = NO;
				MTL_FAST_MATH = YES;
				SDKROOT = iphoneos;
				SWIFT_COMPILATION_MODE = wholemodule;
				SWIFT_OPTIMIZATION_LEVEL = "-O";
				VALIDATE_PRODUCT = YES;
			};
			name = Release;
		};
		1E738BCB26C5B94F00C1667E /* Debug */ = {
			isa = XCBuildConfiguration;
			baseConfigurationReference = C038D8AB7DA2DBC1DE7E18FF /* Pods-Ethereum Wallet Balance.debug.xcconfig */;
			buildSettings = {
				ASSETCATALOG_COMPILER_APPICON_NAME = AppIcon;
				ASSETCATALOG_COMPILER_GLOBAL_ACCENT_COLOR_NAME = AccentColor;
				CODE_SIGN_STYLE = Automatic;
				DEVELOPMENT_TEAM = 65SN63N638;
				INFOPLIST_FILE = "Ethereum Wallet Balance/Info.plist";
				LD_RUNPATH_SEARCH_PATHS = (
					"$(inherited)",
					"@executable_path/Frameworks",
				);
				PRODUCT_BUNDLE_IDENTIFIER = "com.danielvalencia.Ethereum-Wallet-Balance";
				PRODUCT_NAME = "$(TARGET_NAME)";
				SWIFT_VERSION = 5.0;
				TARGETED_DEVICE_FAMILY = 1;
			};
			name = Debug;
		};
		1E738BCC26C5B94F00C1667E /* Release */ = {
			isa = XCBuildConfiguration;
			baseConfigurationReference = CD1DBD68F59430625E98C70D /* Pods-Ethereum Wallet Balance.release.xcconfig */;
			buildSettings = {
				ASSETCATALOG_COMPILER_APPICON_NAME = AppIcon;
				ASSETCATALOG_COMPILER_GLOBAL_ACCENT_COLOR_NAME = AccentColor;
				CODE_SIGN_STYLE = Automatic;
				DEVELOPMENT_TEAM = 65SN63N638;
				INFOPLIST_FILE = "Ethereum Wallet Balance/Info.plist";
				LD_RUNPATH_SEARCH_PATHS = (
					"$(inherited)",
					"@executable_path/Frameworks",
				);
				PRODUCT_BUNDLE_IDENTIFIER = "com.danielvalencia.Ethereum-Wallet-Balance";
				PRODUCT_NAME = "$(TARGET_NAME)";
				SWIFT_VERSION = 5.0;
				TARGETED_DEVICE_FAMILY = 1;
			};
			name = Release;
		};
/* End XCBuildConfiguration section */

/* Begin XCConfigurationList section */
		1E738BB126C5B94F00C1667E /* Build configuration list for PBXProject "Ethereum Wallet Balance" */ = {
			isa = XCConfigurationList;
			buildConfigurations = (
				1E738BC826C5B94F00C1667E /* Debug */,
				1E738BC926C5B94F00C1667E /* Release */,
			);
			defaultConfigurationIsVisible = 0;
			defaultConfigurationName = Release;
		};
		1E738BCA26C5B94F00C1667E /* Build configuration list for PBXNativeTarget "Ethereum Wallet Balance" */ = {
			isa = XCConfigurationList;
			buildConfigurations = (
				1E738BCB26C5B94F00C1667E /* Debug */,
				1E738BCC26C5B94F00C1667E /* Release */,
			);
			defaultConfigurationIsVisible = 0;
			defaultConfigurationName = Release;
		};
/* End XCConfigurationList section */

/* Begin XCVersionGroup section */
		1EB6D85626DD94690098C2D5 /* Model.xcdatamodeld */ = {
			isa = XCVersionGroup;
			children = (
				1EB6D85726DD94690098C2D5 /* Model.xcdatamodel */,
			);
			currentVersion = 1EB6D85726DD94690098C2D5 /* Model.xcdatamodel */;
			path = Model.xcdatamodeld;
			sourceTree = "<group>";
			versionGroupType = wrapper.xcdatamodel;
		};
/* End XCVersionGroup section */
	};
	rootObject = 1E738BAE26C5B94F00C1667E /* Project object */;
}
